
Microsoft Visual Studio Solution File, Format Version 12.00
# Visual Studio Version 17
VisualStudioVersion = 17.11.35222.181
MinimumVisualStudioVersion = 10.0.40219.1
Project("{FAE04EC0-301F-11D3-BF4B-00C04F79EFBC}") = "UtilityBot", "UtilityBot\UtilityBot.csproj", "{D489E8E6-53F1-41BA-9C77-196D024B67BB}"
EndProject
Global
	GlobalSection(SolutionConfigurationPlatforms) = preSolution
		Debug|Any CPU = Debug|Any CPU
		Release|Any CPU = Release|Any CPU
	EndGlobalSection
	GlobalSection(ProjectConfigurationPlatforms) = postSolution
		{D489E8E6-53F1-41BA-9C77-196D024B67BB}.Debug|Any CPU.ActiveCfg = Debug|Any CPU
		{D489E8E6-53F1-41BA-9C77-196D024B67BB}.Debug|Any CPU.Build.0 = Debug|Any CPU
		{D489E8E6-53F1-41BA-9C77-196D024B67BB}.Release|Any CPU.ActiveCfg = Release|Any CPU
		{D489E8E6-53F1-41BA-9C77-196D024B67BB}.Release|Any CPU.Build.0 = Release|Any CPU
	EndGlobalSection
	GlobalSection(SolutionProperties) = preSolution
		HideSolutionNode = FALSE
	EndGlobalSection
	GlobalSection(ExtensibilityGlobals) = postSolution
		SolutionGuid = {60193AE5-68B9-4FFC-AC3F-8615F076EA45}
	EndGlobalSection
EndGlobal
